
Microsoft Visual Studio Solution File, Format Version 12.00
# Visual Studio Version 16
VisualStudioVersion = 16.0.30717.126
MinimumVisualStudioVersion = 10.0.40219.1
Project("{FAE04EC0-301F-11D3-BF4B-00C04F79EFBC}") = "StswExpress", "StswExpress\StswExpress.csproj", "{A696C7F6-F97B-4E98-96E5-0B7BCAD475E2}"
EndProject
Global
	GlobalSection(SolutionConfigurationPlatforms) = preSolution
		Debug|Any CPU = Debug|Any CPU
		Release|Any CPU = Release|Any CPU
	EndGlobalSection
	GlobalSection(ProjectConfigurationPlatforms) = postSolution
		{A696C7F6-F97B-4E98-96E5-0B7BCAD475E2}.Debug|Any CPU.ActiveCfg = Debug|Any CPU
		{A696C7F6-F97B-4E98-96E5-0B7BCAD475E2}.Debug|Any CPU.Build.0 = Debug|Any CPU
		{A696C7F6-F97B-4E98-96E5-0B7BCAD475E2}.Release|Any CPU.ActiveCfg = Release|Any CPU
		{A696C7F6-F97B-4E98-96E5-0B7BCAD475E2}.Release|Any CPU.Build.0 = Release|Any CPU
	EndGlobalSection
	GlobalSection(SolutionProperties) = preSolution
		HideSolutionNode = FALSE
	EndGlobalSection
	GlobalSection(ExtensibilityGlobals) = postSolution
		SolutionGuid = {F6ED0D5A-640C-4FE7-B6A4-B6BB4E2492EF}
	EndGlobalSection
EndGlobal
